{
  "version": 4,
  "terraform_version": "1.15.6",
  "serial": 13,
  "lineage": "aa1dc5cd-8dc0-7a65-299c-fe35d3f24c7f",
  "outputs": {
    "db_server_id": {
      "value": 1002,
      "type": "number"
    },
    "db_server_name": {
      "value": "db-server-prod",
      "type": "string"
    },
    "web_server_id": {
      "value": 1001,
      "type": "number"
    },
    "web_server_name": {
      "value": "web-server-prod",
      "type": "string"
    }
  },
  "resources": [
    {
      "mode": "managed",
      "type": "proxmox_virtual_environment_vm",
      "name": "db_server",
      "provider": "provider[\"registry.terraform.io/bpg/proxmox\"]",
      "instances": [
        {
          "schema_version": 0,
          "attributes": {
            "acpi": true,
            "agent": [
              {
                "enabled": true,
                "timeout": "15m",
                "trim": false,
                "type": "virtio"
              }
            ],
            "audio_device": [],
            "bios": "seabios",
            "boot_order": null,
            "cdrom": [],
            "clone": [
              {
                "datastore_id": "",
                "full": true,
                "node_name": "",
                "retries": 1,
                "vm_id": 1000
              }
            ],
            "cpu": [
              {
                "affinity": "",
                "architecture": "",
                "cores": 1,
                "flags": null,
                "hotplugged": 0,
                "limit": 0,
                "numa": false,
                "sockets": 1,
                "type": "qemu64",
                "units": 1024
              }
            ],
            "description": "Backend Database (PostgreSQL/MySQL)",
            "disk": [
              {
                "aio": "io_uring",
                "backup": true,
                "cache": "none",
                "datastore_id": "local-lvm",
                "discard": "ignore",
                "file_format": "raw",
                "file_id": "",
                "interface": "scsi0",
                "iothread": false,
                "path_in_datastore": "vm-1002-disk-1",
                "replicate": true,
                "serial": "",
                "size": 40,
                "speed": [],
                "ssd": false
              }
            ],
            "efi_disk": [],
            "hook_script_file_id": null,
            "hostpci": [],
            "id": "1002",
            "initialization": [
              {
                "datastore_id": "local-lvm",
                "dns": [
                  {
                    "domain": "",
                    "server": "",
                    "servers": [
                      "10.0.30.1"
                    ]
                  }
                ],
                "interface": "ide1",
                "ip_config": [
                  {
                    "ipv4": [
                      {
                        "address": "10.0.30.100/24",
                        "gateway": "10.0.30.1"
                      }
                    ],
                    "ipv6": []
                  }
                ],
                "meta_data_file_id": "",
                "network_data_file_id": "",
                "type": "",
                "upgrade": false,
                "user_account": [
                  {
                    "keys": [
                      "ssh-rsa AAAAB3NzaC1yc2EAAAADAQABAAACAQDNpTMQwIdT4Qr8BClEGsrgjCknUPSv7Ei2Z1mzlo5hgMhUcgDl7Q3otelGx3a5NzcRSVdmoBDobft6OGcL+No0W4FAW3g+Po+6+cyvQVw8UsKiYSWiCPbfNLVVP1qaPaCJo1zmHU8KcxU7aRqj4oNGHxDTey/vt7wMnnruauvLw70Y6Zn9rMdtZvbyr761Zc0FdJB1UgrbOMlN1XsXLWklR8CG2AFOU2RtSetQFDCqqmNU1SzLv4e+7aodH1wsT9uf1rSZ0z746+I90RcteDQXJ6UdsSRUdv97HrfgyY1xWrUdylamDvt7QOpA29+DX6LRdgBLNikYUreG2G/Vv+5V95Q3Y/Q/1HkP/vScTU0Ivf5x5GCjUOepaoBDhqLv09HcSS3RiJO9lfRF21uiPgIw4pT1oS7M4W08n/2MQHKhhIZclm3Hd6b7wDilqGQRt3GYvZLtW9muiozVaJbb8++Sj/ivcQdZyc4PafCEpFs6+j9EhLAi2+OxWENWzpV0DUYNC14HXk0ikNqihis4Mldmm1TS3sNM7uiIZOkkeGfZiG/jzWID1RnF+9kus/wgD9mHnApLwO4a2sxUm9osuqLUy+CsK37Y/c5xwRJxhIGRsw+o/moOs4gX3umfIdkaWVkO4YkiN5O/YsFfuUkUZ5RGcr1nDBQjubRgQxhmuG/z/w== soar-admin@soar-dev-server"
                    ],
                    "password": "**********",
                    "username": "ubuntu"
                  }
                ],
                "user_data_file_id": "",
                "vendor_data_file_id": ""
              }
            ],
            "ipv4_addresses": [],
            "ipv6_addresses": [],
            "keyboard_layout": "en-us",
            "kvm_arguments": null,
            "mac_addresses": [],
            "machine": null,
            "memory": [
              {
                "dedicated": 2048,
                "floating": 0,
                "hugepages": "",
                "keep_hugepages": false,
                "shared": 0
              }
            ],
            "migrate": false,
            "name": "db-server-prod",
            "network_device": [
              {
                "bridge": "vmbr0",
                "disconnected": false,
                "enabled": true,
                "firewall": false,
                "mac_address": "BC:24:11:72:6B:C9",
                "model": "virtio",
                "mtu": 0,
                "queues": 0,
                "rate_limit": 0,
                "trunks": "",
                "vlan_id": 30
              }
            ],
            "network_interface_names": [],
            "node_name": "proxmox",
            "numa": [],
            "on_boot": true,
            "operating_system": [],
            "pool_id": null,
            "protection": false,
            "reboot": false,
            "reboot_after_update": true,
            "rng": [],
            "scsi_hardware": "virtio-scsi-pci",
            "serial_device": [],
            "smbios": [],
            "started": true,
            "startup": [],
            "stop_on_destroy": false,
            "tablet_device": true,
            "tags": [
              "database",
              "prod"
            ],
            "template": false,
            "timeout_clone": 1800,
            "timeout_create": 1800,
            "timeout_migrate": 1800,
            "timeout_move_disk": 1800,
            "timeout_reboot": 1800,
            "timeout_shutdown_vm": 1800,
            "timeout_start_vm": 1800,
            "timeout_stop_vm": 300,
            "tpm_state": [],
            "usb": [],
            "vga": [
              {
                "clipboard": "",
                "memory": 16,
                "type": "qxl"
              }
            ],
            "vm_id": 1002,
            "watchdog": []
          },
          "sensitive_attributes": [
            [
              {
                "type": "get_attr",
                "value": "initialization"
              },
              {
                "type": "index",
                "value": {
                  "value": 0,
                  "type": "number"
                }
              },
              {
                "type": "get_attr",
                "value": "user_account"
              },
              {
                "type": "index",
                "value": {
                  "value": 0,
                  "type": "number"
                }
              },
              {
                "type": "get_attr",
                "value": "password"
              }
            ]
          ],
          "identity_schema_version": 0,
          "private": "bnVsbA=="
        }
      ]
    },
    {
      "mode": "managed",
      "type": "proxmox_virtual_environment_vm",
      "name": "web_server",
      "provider": "provider[\"registry.terraform.io/bpg/proxmox\"]",
      "instances": [
        {
          "schema_version": 0,
          "attributes": {
            "acpi": true,
            "agent": [
              {
                "enabled": true,
                "timeout": "15m",
                "trim": false,
                "type": "virtio"
              }
            ],
            "audio_device": [],
            "bios": "seabios",
            "boot_order": null,
            "cdrom": [],
            "clone": [
              {
                "datastore_id": "",
                "full": true,
                "node_name": "",
                "retries": 1,
                "vm_id": 1000
              }
            ],
            "cpu": [
              {
                "affinity": "",
                "architecture": "",
                "cores": 2,
                "flags": null,
                "hotplugged": 0,
                "limit": 0,
                "numa": false,
                "sockets": 1,
                "type": "qemu64",
                "units": 1024
              }
            ],
            "description": "Frontend Webserver (Nginx)",
            "disk": [
              {
                "aio": "io_uring",
                "backup": true,
                "cache": "none",
                "datastore_id": "local-lvm",
                "discard": "ignore",
                "file_format": "raw",
                "file_id": "",
                "interface": "scsi0",
                "iothread": false,
                "path_in_datastore": "vm-1001-disk-1",
                "replicate": true,
                "serial": "",
                "size": 40,
                "speed": [],
                "ssd": false
              }
            ],
            "efi_disk": [],
            "hook_script_file_id": null,
            "hostpci": [],
            "id": "1001",
            "initialization": [
              {
                "datastore_id": "local-lvm",
                "dns": [
                  {
                    "domain": "",
                    "server": "",
                    "servers": [
                      "10.0.30.1"
                    ]
                  }
                ],
                "interface": "ide1",
                "ip_config": [
                  {
                    "ipv4": [
                      {
                        "address": "10.0.30.101/24",
                        "gateway": "10.0.30.1"
                      }
                    ],
                    "ipv6": []
                  }
                ],
                "meta_data_file_id": "",
                "network_data_file_id": "",
                "type": "",
                "upgrade": false,
                "user_account": [
                  {
                    "keys": [
                      "ssh-rsa AAAAB3NzaC1yc2EAAAADAQABAAACAQDNpTMQwIdT4Qr8BClEGsrgjCknUPSv7Ei2Z1mzlo5hgMhUcgDl7Q3otelGx3a5NzcRSVdmoBDobft6OGcL+No0W4FAW3g+Po+6+cyvQVw8UsKiYSWiCPbfNLVVP1qaPaCJo1zmHU8KcxU7aRqj4oNGHxDTey/vt7wMnnruauvLw70Y6Zn9rMdtZvbyr761Zc0FdJB1UgrbOMlN1XsXLWklR8CG2AFOU2RtSetQFDCqqmNU1SzLv4e+7aodH1wsT9uf1rSZ0z746+I90RcteDQXJ6UdsSRUdv97HrfgyY1xWrUdylamDvt7QOpA29+DX6LRdgBLNikYUreG2G/Vv+5V95Q3Y/Q/1HkP/vScTU0Ivf5x5GCjUOepaoBDhqLv09HcSS3RiJO9lfRF21uiPgIw4pT1oS7M4W08n/2MQHKhhIZclm3Hd6b7wDilqGQRt3GYvZLtW9muiozVaJbb8++Sj/ivcQdZyc4PafCEpFs6+j9EhLAi2+OxWENWzpV0DUYNC14HXk0ikNqihis4Mldmm1TS3sNM7uiIZOkkeGfZiG/jzWID1RnF+9kus/wgD9mHnApLwO4a2sxUm9osuqLUy+CsK37Y/c5xwRJxhIGRsw+o/moOs4gX3umfIdkaWVkO4YkiN5O/YsFfuUkUZ5RGcr1nDBQjubRgQxhmuG/z/w== soar-admin@soar-dev-server"
                    ],
                    "password": "**********",
                    "username": "ubuntu"
                  }
                ],
                "user_data_file_id": "",
                "vendor_data_file_id": ""
              }
            ],
            "ipv4_addresses": [],
            "ipv6_addresses": [],
            "keyboard_layout": "en-us",
            "kvm_arguments": null,
            "mac_addresses": [],
            "machine": null,
            "memory": [
              {
                "dedicated": 2048,
                "floating": 0,
                "hugepages": "",
                "keep_hugepages": false,
                "shared": 0
              }
            ],
            "migrate": false,
            "name": "web-server-prod",
            "network_device": [
              {
                "bridge": "vmbr0",
                "disconnected": false,
                "enabled": true,
                "firewall": false,
                "mac_address": "BC:24:11:18:75:A8",
                "model": "virtio",
                "mtu": 0,
                "queues": 0,
                "rate_limit": 0,
                "trunks": "",
                "vlan_id": 30
              }
            ],
            "network_interface_names": [],
            "node_name": "proxmox",
            "numa": [],
            "on_boot": true,
            "operating_system": [],
            "pool_id": null,
            "protection": false,
            "reboot": false,
            "reboot_after_update": true,
            "rng": [],
            "scsi_hardware": "virtio-scsi-pci",
            "serial_device": [],
            "smbios": [],
            "started": true,
            "startup": [],
            "stop_on_destroy": false,
            "tablet_device": true,
            "tags": [
              "prod",
              "web"
            ],
            "template": false,
            "timeout_clone": 1800,
            "timeout_create": 1800,
            "timeout_migrate": 1800,
            "timeout_move_disk": 1800,
            "timeout_reboot": 1800,
            "timeout_shutdown_vm": 1800,
            "timeout_start_vm": 1800,
            "timeout_stop_vm": 300,
            "tpm_state": [],
            "usb": [],
            "vga": [
              {
                "clipboard": "",
                "memory": 16,
                "type": "qxl"
              }
            ],
            "vm_id": 1001,
            "watchdog": []
          },
          "sensitive_attributes": [
            [
              {
                "type": "get_attr",
                "value": "initialization"
              },
              {
                "type": "index",
                "value": {
                  "value": 0,
                  "type": "number"
                }
              },
              {
                "type": "get_attr",
                "value": "user_account"
              },
              {
                "type": "index",
                "value": {
                  "value": 0,
                  "type": "number"
                }
              },
              {
                "type": "get_attr",
                "value": "password"
              }
            ]
          ],
          "identity_schema_version": 0,
          "private": "bnVsbA=="
        }
      ]
    }
  ],
  "check_results": null
}
